format=1
zlib.version=1.3.2
zlib.sha256=bb329a0a2cd0274d05519d61c667c062e06990d72e125ee2dfa8de64f0119d16
xz.version=5.8.3
xz.sha256=fff1ffcf2b0da84d308a14de513a1aa23d4e9aa3464d17e64b9714bfdd0bbfb6
openssl.version=3.5.7
openssl.sha256=a8c0d28a529ca480f9f36cf5792e2cd21984552a3c8e4aa11a24aa31aeac98e8
curl.version=8.21.0
curl.sha256=aa1b66a70eace83dc624508745646c08ae561de512ab403adffb93ac87fc72e6
libarchive.version=3.8.8
libarchive.sha256=3873a88801da067d0528a989af06877710529d50ee8fe6f3970cbb4302efb918
argtable3.version=3.3.1
argtable3.sha256=8b28a4fb2cd621d8d16f34e30e1956aa488077f6a6b902e7fc9f07883e1519c1
uthash.version=2.3.0
uthash.sha256=e10382ab75518bad8319eb922ad04f907cb20cccb451a3aa980c9d005e661acc
unity.version=2.6.1
unity.sha256=b41a66d45a6b99758fb3202ace6178177014d52fc524bf1f72687d93e9867292
libevent.version=2.1.13-stable
libevent.sha256=f7e9383b8c0baa81b687e5b5eecc01beefaf1b19b64151d95ed61647fe7a315c
